
Microsoft Visual Studio Solution File, Format Version 12.00
# Visual Studio Version 16
VisualStudioVersion = 16.0.31129.286
MinimumVisualStudioVersion = 10.0.40219.1
Project("{9A19103F-16F7-4668-BE54-9A1E7A4F7556}") = "Docker.Core", "Docker.Core\Docker.Core.csproj", "{02EA877C-A216-458E-BCA2-E6526C065B42}"
EndProject
Project("{9A19103F-16F7-4668-BE54-9A1E7A4F7556}") = "Docker.Infrastructure", "Docker.Infrastructure\Docker.Infrastructure.csproj", "{EA8FCFAB-03A8-4B46-A287-18009FCA166F}"
EndProject
Project("{9A19103F-16F7-4668-BE54-9A1E7A4F7556}") = "Docker.WebApi", "Docker.WebApi\Docker.WebApi.csproj", "{859FB0E6-F143-489D-92C2-2B32CB1F35DE}"
EndProject
Project("{9A19103F-16F7-4668-BE54-9A1E7A4F7556}") = "Docker.Membership", "Docker.Membership\Docker.Membership.csproj", "{FEEC1C37-5512-4134-9D23-FE173E491795}"
EndProject
Global
	GlobalSection(SolutionConfigurationPlatforms) = preSolution
		Debug|Any CPU = Debug|Any CPU
		Release|Any CPU = Release|Any CPU
	EndGlobalSection
	GlobalSection(ProjectConfigurationPlatforms) = postSolution
		{02EA877C-A216-458E-BCA2-E6526C065B42}.Debug|Any CPU.ActiveCfg = Debug|Any CPU
		{02EA877C-A216-458E-BCA2-E6526C065B42}.Debug|Any CPU.Build.0 = Debug|Any CPU
		{02EA877C-A216-458E-BCA2-E6526C065B42}.Release|Any CPU.ActiveCfg = Release|Any CPU
		{02EA877C-A216-458E-BCA2-E6526C065B42}.Release|Any CPU.Build.0 = Release|Any CPU
		{EA8FCFAB-03A8-4B46-A287-18009FCA166F}.Debug|Any CPU.ActiveCfg = Debug|Any CPU
		{EA8FCFAB-03A8-4B46-A287-18009FCA166F}.Debug|Any CPU.Build.0 = Debug|Any CPU
		{EA8FCFAB-03A8-4B46-A287-18009FCA166F}.Release|Any CPU.ActiveCfg = Release|Any CPU
		{EA8FCFAB-03A8-4B46-A287-18009FCA166F}.Release|Any CPU.Build.0 = Release|Any CPU
		{859FB0E6-F143-489D-92C2-2B32CB1F35DE}.Debug|Any CPU.ActiveCfg = Debug|Any CPU
		{859FB0E6-F143-489D-92C2-2B32CB1F35DE}.Debug|Any CPU.Build.0 = Debug|Any CPU
		{859FB0E6-F143-489D-92C2-2B32CB1F35DE}.Release|Any CPU.ActiveCfg = Release|Any CPU
		{859FB0E6-F143-489D-92C2-2B32CB1F35DE}.Release|Any CPU.Build.0 = Release|Any CPU
		{FEEC1C37-5512-4134-9D23-FE173E491795}.Debug|Any CPU.ActiveCfg = Debug|Any CPU
		{FEEC1C37-5512-4134-9D23-FE173E491795}.Debug|Any CPU.Build.0 = Debug|Any CPU
		{FEEC1C37-5512-4134-9D23-FE173E491795}.Release|Any CPU.ActiveCfg = Release|Any CPU
		{FEEC1C37-5512-4134-9D23-FE173E491795}.Release|Any CPU.Build.0 = Release|Any CPU
	EndGlobalSection
	GlobalSection(SolutionProperties) = preSolution
		HideSolutionNode = FALSE
	EndGlobalSection
	GlobalSection(ExtensibilityGlobals) = postSolution
		SolutionGuid = {67061F66-3878-41C5-88CB-C5FD5DF7F6A5}
	EndGlobalSection
EndGlobal
